<?xml version="1.0" encoding="utf-8"?>
<Project ToolsVersion="4.0" xmlns="http://schemas.microsoft.com/developer/msbuild/2003">
  <ItemGroup>
    <ClCompile Include="vk_app.cpp" />
    <ClCompile Include="main.cpp" />
    <ClCompile Include="app_allocator.cpp" />
    <ClCompile Include="Core\BaseAllocator.cpp">
      <Filter>Core</Filter>
    </ClCompile>
    <ClCompile Include="Core\BaseLayer.cpp">
      <Filter>Core</Filter>
    </ClCompile>
    <ClCompile Include="Core\CommandList.cpp">
      <Filter>Core</Filter>
    </ClCompile>
    <ClCompile Include="Core\CommandQueue.cpp">
      <Filter>Core</Filter>
    </ClCompile>
    <ClCompile Include="Core\Global.cpp">
      <Filter>Core</Filter>
    </ClCompile>
    <ClCompile Include="Core\LogicalDevice.cpp">
      <Filter>Core</Filter>
    </ClCompile>
    <ClCompile Include="Core\Window.cpp">
      <Filter>Core</Filter>
    </ClCompile>
  </ItemGroup>
  <ItemGroup>
    <ClInclude Include="vk_app.h" />
    <ClInclude Include="app_allocator.h" />
    <ClInclude Include="Core\BaseAllocator.h">
      <Filter>Core</Filter>
    </ClInclude>
    <ClInclude Include="Core\BaseLayer.h">
      <Filter>Core</Filter>
    </ClInclude>
    <ClInclude Include="Core\CommandList.h">
      <Filter>Core</Filter>
    </ClInclude>
    <ClInclude Include="Core\CommandQueue.h">
      <Filter>Core</Filter>
    </ClInclude>
    <ClInclude Include="Core\Common.h">
      <Filter>Core</Filter>
    </ClInclude>
    <ClInclude Include="Core\Global.h">
      <Filter>Core</Filter>
    </ClInclude>
    <ClInclude Include="Core\LogicalDevice.h">
      <Filter>Core</Filter>
    </ClInclude>
    <ClInclude Include="Core\Platform.h">
      <Filter>Core</Filter>
    </ClInclude>
    <ClInclude Include="Core\SmartPtr.h">
      <Filter>Core</Filter>
    </ClInclude>
    <ClInclude Include="Core\TypeDef.h">
      <Filter>Core</Filter>
    </ClInclude>
    <ClInclude Include="Core\VkSmartPtr.h">
      <Filter>Core</Filter>
    </ClInclude>
    <ClInclude Include="Core\Window.h">
      <Filter>Core</Filter>
    </ClInclude>
  </ItemGroup>
  <ItemGroup>
    <ResourceCompile Include="resource.rc" />
  </ItemGroup>
  <ItemGroup>
    <Filter Include="Core">
      <UniqueIdentifier>{9b922a2b-d794-4f31-93f5-30305b5c7e01}</UniqueIdentifier>
    </Filter>
  </ItemGroup>
</Project>