<?xml version="1.0" encoding="utf-8"?>
<Project ToolsVersion="4.0" xmlns="http://schemas.microsoft.com/developer/msbuild/2003">
  <ItemGroup>
    <ClCompile Include="vk_app.cpp" />
    <ClCompile Include="main.cpp" />
    <ClCompile Include="app_allocator.cpp" />
    <ClCompile Include="CommandList.cpp" />
    <ClCompile Include="CommandQueue.cpp" />
    <ClCompile Include="LogicalDevice.cpp" />
    <ClCompile Include="BaseLayer.cpp" />
    <ClCompile Include="BaseAllocator.cpp" />
    <ClCompile Include="Global.cpp" />
  </ItemGroup>
  <ItemGroup>
    <ClInclude Include="vk_app.h" />
    <ClInclude Include="SmartPtr.h" />
    <ClInclude Include="vk_util.h" />
    <ClInclude Include="app_allocator.h" />
    <ClInclude Include="CommandList.h" />
    <ClInclude Include="CommandQueue.h" />
    <ClInclude Include="LogicalDevice.h" />
    <ClInclude Include="BaseLayer.h" />
    <ClInclude Include="BaseAllocator.h" />
    <ClInclude Include="VkSmartPtr.h" />
    <ClInclude Include="Global.h" />
    <ClInclude Include="Platform.h" />
  </ItemGroup>
</Project>