
Microsoft Visual Studio Solution File, Format Version 12.00
# Visual Studio Version 16
VisualStudioVersion = 16.0.30611.23
MinimumVisualStudioVersion = 10.0.40219.1
Project("{8BC9CEB8-8B4A-11D0-8D11-00A0C91BC942}") = "VkJayouEngine", "VkJayouEngine.vcxproj", "{73B20E91-A34F-4523-AACD-3F5D92F22642}"
EndProject
Project("{8BC9CEB8-8B4A-11D0-8D11-00A0C91BC942}") = "EnumHelper", "ThirdParty\EnumHelper\EnumHelper.vcxproj", "{3E9A406B-BC88-418D-86CB-6177CCBB7145}"
EndProject
Project("{8BC9CEB8-8B4A-11D0-8D11-00A0C91BC942}") = "FastRunTest", "ThirdParty\FastRunTest\FastRunTest.vcxproj", "{9D797B90-8972-486D-A8FC-2B1CBDA0E2E1}"
EndProject
Global
	GlobalSection(SolutionConfigurationPlatforms) = preSolution
		Debug|x64 = Debug|x64
		Debug|x86 = Debug|x86
		Release|x64 = Release|x64
		Release|x86 = Release|x86
	EndGlobalSection
	GlobalSection(ProjectConfigurationPlatforms) = postSolution
		{73B20E91-A34F-4523-AACD-3F5D92F22642}.Debug|x64.ActiveCfg = Debug|x64
		{73B20E91-A34F-4523-AACD-3F5D92F22642}.Debug|x64.Build.0 = Debug|x64
		{73B20E91-A34F-4523-AACD-3F5D92F22642}.Debug|x86.ActiveCfg = Debug|Win32
		{73B20E91-A34F-4523-AACD-3F5D92F22642}.Debug|x86.Build.0 = Debug|Win32
		{73B20E91-A34F-4523-AACD-3F5D92F22642}.Release|x64.ActiveCfg = Release|x64
		{73B20E91-A34F-4523-AACD-3F5D92F22642}.Release|x64.Build.0 = Release|x64
		{73B20E91-A34F-4523-AACD-3F5D92F22642}.Release|x86.ActiveCfg = Release|Win32
		{73B20E91-A34F-4523-AACD-3F5D92F22642}.Release|x86.Build.0 = Release|Win32
		{3E9A406B-BC88-418D-86CB-6177CCBB7145}.Debug|x64.ActiveCfg = Debug|x64
		{3E9A406B-BC88-418D-86CB-6177CCBB7145}.Debug|x64.Build.0 = Debug|x64
		{3E9A406B-BC88-418D-86CB-6177CCBB7145}.Debug|x86.ActiveCfg = Debug|Win32
		{3E9A406B-BC88-418D-86CB-6177CCBB7145}.Debug|x86.Build.0 = Debug|Win32
		{3E9A406B-BC88-418D-86CB-6177CCBB7145}.Release|x64.ActiveCfg = Release|x64
		{3E9A406B-BC88-418D-86CB-6177CCBB7145}.Release|x64.Build.0 = Release|x64
		{3E9A406B-BC88-418D-86CB-6177CCBB7145}.Release|x86.ActiveCfg = Release|Win32
		{3E9A406B-BC88-418D-86CB-6177CCBB7145}.Release|x86.Build.0 = Release|Win32
		{9D797B90-8972-486D-A8FC-2B1CBDA0E2E1}.Debug|x64.ActiveCfg = Debug|x64
		{9D797B90-8972-486D-A8FC-2B1CBDA0E2E1}.Debug|x64.Build.0 = Debug|x64
		{9D797B90-8972-486D-A8FC-2B1CBDA0E2E1}.Debug|x86.ActiveCfg = Debug|Win32
		{9D797B90-8972-486D-A8FC-2B1CBDA0E2E1}.Debug|x86.Build.0 = Debug|Win32
		{9D797B90-8972-486D-A8FC-2B1CBDA0E2E1}.Release|x64.ActiveCfg = Release|x64
		{9D797B90-8972-486D-A8FC-2B1CBDA0E2E1}.Release|x64.Build.0 = Release|x64
		{9D797B90-8972-486D-A8FC-2B1CBDA0E2E1}.Release|x86.ActiveCfg = Release|Win32
		{9D797B90-8972-486D-A8FC-2B1CBDA0E2E1}.Release|x86.Build.0 = Release|Win32
	EndGlobalSection
	GlobalSection(SolutionProperties) = preSolution
		HideSolutionNode = FALSE
	EndGlobalSection
	GlobalSection(ExtensibilityGlobals) = postSolution
		SolutionGuid = {108C0EA5-ABCD-4682-8115-596F21A0CC4B}
	EndGlobalSection
EndGlobal
