<?xml version="1.0" encoding="utf-8"?>
<Project ToolsVersion="4.0" xmlns="http://schemas.microsoft.com/developer/msbuild/2003">
  <ItemGroup>
    <ClCompile Include="vk_app.cpp" />
    <ClCompile Include="Core\Global.cpp">
      <Filter>Core</Filter>
    </ClCompile>
    <ClCompile Include="ThirdParty\jsoncpp\src\lib_json\json_reader.cpp">
      <Filter>ThirdParty\jsoncpp\src</Filter>
    </ClCompile>
    <ClCompile Include="ThirdParty\jsoncpp\src\lib_json\json_value.cpp">
      <Filter>ThirdParty\jsoncpp\src</Filter>
    </ClCompile>
    <ClCompile Include="ThirdParty\jsoncpp\src\lib_json\json_writer.cpp">
      <Filter>ThirdParty\jsoncpp\src</Filter>
    </ClCompile>
    <ClCompile Include="main.cpp" />
    <ClCompile Include="Core\Base\BaseAllocator.cpp">
      <Filter>Core\Base</Filter>
    </ClCompile>
    <ClCompile Include="Core\Base\BaseLayer.cpp">
      <Filter>Core\Base</Filter>
    </ClCompile>
    <ClCompile Include="Core\Utility\Utility.cpp">
      <Filter>Core\Utility</Filter>
    </ClCompile>
    <ClCompile Include="Core\Utility\File\FileManager.cpp">
      <Filter>Core\Utility\File</Filter>
    </ClCompile>
    <ClCompile Include="Core\Utility\String\StringManager.cpp">
      <Filter>Core\Utility\String</Filter>
    </ClCompile>
    <ClCompile Include="Core\Utility\Timer\TimerManager.cpp">
      <Filter>Core\Utility\Timer</Filter>
    </ClCompile>
    <ClCompile Include="Core\Utility\Parser\JsonParser.cpp">
      <Filter>Core\Utility\Parser</Filter>
    </ClCompile>
    <ClCompile Include="Core\Utility\Parser\PathParser.cpp">
      <Filter>Core\Utility\Parser</Filter>
    </ClCompile>
    <ClCompile Include="Core\Render\GLSLCompiler.cpp">
      <Filter>Core\Render</Filter>
    </ClCompile>
    <ClCompile Include="Core\Platform\Windows\Window.cpp">
      <Filter>Core\Platform\Windows</Filter>
    </ClCompile>
    <ClCompile Include="Core\Base\ResourcePool.cpp">
      <Filter>Core\Base</Filter>
    </ClCompile>
    <ClCompile Include="Core\Utility\Color\ColorManager.cpp">
      <Filter>Core\Utility\Color</Filter>
    </ClCompile>
    <ClCompile Include="Core\Engine\Engine.cpp">
      <Filter>Core\Engine</Filter>
    </ClCompile>
    <ClCompile Include="Core\Utility\Log\LogSystem.cpp">
      <Filter>Core\Utility\Log</Filter>
    </ClCompile>
    <ClCompile Include="Core\Utility\Loader\ModuleLoader.cpp">
      <Filter>Core\Utility\Loader</Filter>
    </ClCompile>
    <ClCompile Include="Core\Utility\Mapper\TextMapper.cpp">
      <Filter>Core\Utility\Mapper</Filter>
    </ClCompile>
    <ClCompile Include="Core\Render\RenderBase\CommandList.cpp">
      <Filter>Core\Render\RenderBase</Filter>
    </ClCompile>
    <ClCompile Include="Core\Render\RenderBase\CommandQueue.cpp">
      <Filter>Core\Render\RenderBase</Filter>
    </ClCompile>
    <ClCompile Include="Core\Render\RenderBase\LogicalDevice.cpp">
      <Filter>Core\Render\RenderBase</Filter>
    </ClCompile>
    <ClCompile Include="Core\Utility\EnumToString.cpp">
      <Filter>Core\Utility</Filter>
    </ClCompile>
  </ItemGroup>
  <ItemGroup>
    <ClInclude Include="vk_app.h" />
    <ClInclude Include="Core\Common.h">
      <Filter>Core</Filter>
    </ClInclude>
    <ClInclude Include="Core\Global.h">
      <Filter>Core</Filter>
    </ClInclude>
    <ClInclude Include="Core\TypeDef.h">
      <Filter>Core</Filter>
    </ClInclude>
    <ClInclude Include="Layers\Fossilize\fossilize.hpp">
      <Filter>Layers\Fossilize</Filter>
    </ClInclude>
    <ClInclude Include="Layers\Fossilize\fossilize_application_filter.hpp">
      <Filter>Layers\Fossilize</Filter>
    </ClInclude>
    <ClInclude Include="Layers\Fossilize\fossilize_db.hpp">
      <Filter>Layers\Fossilize</Filter>
    </ClInclude>
    <ClInclude Include="Layers\Fossilize\fossilize_errors.hpp">
      <Filter>Layers\Fossilize</Filter>
    </ClInclude>
    <ClInclude Include="Layers\Fossilize\fossilize_external_replayer.hpp">
      <Filter>Layers\Fossilize</Filter>
    </ClInclude>
    <ClInclude Include="Layers\Fossilize\fossilize_external_replayer_control_block.hpp">
      <Filter>Layers\Fossilize</Filter>
    </ClInclude>
    <ClInclude Include="Layers\Fossilize\fossilize_external_replayer_linux.hpp">
      <Filter>Layers\Fossilize</Filter>
    </ClInclude>
    <ClInclude Include="Layers\Fossilize\fossilize_external_replayer_windows.hpp">
      <Filter>Layers\Fossilize</Filter>
    </ClInclude>
    <ClInclude Include="Layers\Fossilize\fossilize_inttypes.h">
      <Filter>Layers\Fossilize</Filter>
    </ClInclude>
    <ClInclude Include="Layers\Fossilize\fossilize_types.hpp">
      <Filter>Layers\Fossilize</Filter>
    </ClInclude>
    <ClInclude Include="Layers\Fossilize\path.hpp">
      <Filter>Layers\Fossilize</Filter>
    </ClInclude>
    <ClInclude Include="Layers\Fossilize\varint.hpp">
      <Filter>Layers\Fossilize</Filter>
    </ClInclude>
    <ClInclude Include="Layers\Fossilize\util\intrusive_list.hpp">
      <Filter>Layers\Fossilize\util</Filter>
    </ClInclude>
    <ClInclude Include="Layers\Fossilize\util\object_cache.hpp">
      <Filter>Layers\Fossilize\util</Filter>
    </ClInclude>
    <ClInclude Include="Layers\Fossilize\util\object_pool.hpp">
      <Filter>Layers\Fossilize\util</Filter>
    </ClInclude>
    <ClInclude Include="ThirdParty\jsoncpp\include\json\allocator.h">
      <Filter>ThirdParty\jsoncpp</Filter>
    </ClInclude>
    <ClInclude Include="ThirdParty\jsoncpp\include\json\assertions.h">
      <Filter>ThirdParty\jsoncpp</Filter>
    </ClInclude>
    <ClInclude Include="ThirdParty\jsoncpp\include\json\config.h">
      <Filter>ThirdParty\jsoncpp</Filter>
    </ClInclude>
    <ClInclude Include="ThirdParty\jsoncpp\include\json\forwards.h">
      <Filter>ThirdParty\jsoncpp</Filter>
    </ClInclude>
    <ClInclude Include="ThirdParty\jsoncpp\include\json\json.h">
      <Filter>ThirdParty\jsoncpp</Filter>
    </ClInclude>
    <ClInclude Include="ThirdParty\jsoncpp\include\json\json_features.h">
      <Filter>ThirdParty\jsoncpp</Filter>
    </ClInclude>
    <ClInclude Include="ThirdParty\jsoncpp\include\json\reader.h">
      <Filter>ThirdParty\jsoncpp</Filter>
    </ClInclude>
    <ClInclude Include="ThirdParty\jsoncpp\include\json\value.h">
      <Filter>ThirdParty\jsoncpp</Filter>
    </ClInclude>
    <ClInclude Include="ThirdParty\jsoncpp\include\json\version.h">
      <Filter>ThirdParty\jsoncpp</Filter>
    </ClInclude>
    <ClInclude Include="ThirdParty\jsoncpp\include\json\writer.h">
      <Filter>ThirdParty\jsoncpp</Filter>
    </ClInclude>
    <ClInclude Include="Layers\Fossilize\rapidjson\include\rapidjson\allocators.h">
      <Filter>Layers\Fossilize\rapidjson</Filter>
    </ClInclude>
    <ClInclude Include="Layers\Fossilize\rapidjson\include\rapidjson\cursorstreamwrapper.h">
      <Filter>Layers\Fossilize\rapidjson</Filter>
    </ClInclude>
    <ClInclude Include="Layers\Fossilize\rapidjson\include\rapidjson\document.h">
      <Filter>Layers\Fossilize\rapidjson</Filter>
    </ClInclude>
    <ClInclude Include="Layers\Fossilize\rapidjson\include\rapidjson\encodedstream.h">
      <Filter>Layers\Fossilize\rapidjson</Filter>
    </ClInclude>
    <ClInclude Include="Layers\Fossilize\rapidjson\include\rapidjson\encodings.h">
      <Filter>Layers\Fossilize\rapidjson</Filter>
    </ClInclude>
    <ClInclude Include="Layers\Fossilize\rapidjson\include\rapidjson\filereadstream.h">
      <Filter>Layers\Fossilize\rapidjson</Filter>
    </ClInclude>
    <ClInclude Include="Layers\Fossilize\rapidjson\include\rapidjson\filewritestream.h">
      <Filter>Layers\Fossilize\rapidjson</Filter>
    </ClInclude>
    <ClInclude Include="Layers\Fossilize\rapidjson\include\rapidjson\fwd.h">
      <Filter>Layers\Fossilize\rapidjson</Filter>
    </ClInclude>
    <ClInclude Include="Layers\Fossilize\rapidjson\include\rapidjson\istreamwrapper.h">
      <Filter>Layers\Fossilize\rapidjson</Filter>
    </ClInclude>
    <ClInclude Include="Layers\Fossilize\rapidjson\include\rapidjson\memorybuffer.h">
      <Filter>Layers\Fossilize\rapidjson</Filter>
    </ClInclude>
    <ClInclude Include="Layers\Fossilize\rapidjson\include\rapidjson\memorystream.h">
      <Filter>Layers\Fossilize\rapidjson</Filter>
    </ClInclude>
    <ClInclude Include="Layers\Fossilize\rapidjson\include\rapidjson\ostreamwrapper.h">
      <Filter>Layers\Fossilize\rapidjson</Filter>
    </ClInclude>
    <ClInclude Include="Layers\Fossilize\rapidjson\include\rapidjson\pointer.h">
      <Filter>Layers\Fossilize\rapidjson</Filter>
    </ClInclude>
    <ClInclude Include="Layers\Fossilize\rapidjson\include\rapidjson\prettywriter.h">
      <Filter>Layers\Fossilize\rapidjson</Filter>
    </ClInclude>
    <ClInclude Include="Layers\Fossilize\rapidjson\include\rapidjson\rapidjson.h">
      <Filter>Layers\Fossilize\rapidjson</Filter>
    </ClInclude>
    <ClInclude Include="Layers\Fossilize\rapidjson\include\rapidjson\reader.h">
      <Filter>Layers\Fossilize\rapidjson</Filter>
    </ClInclude>
    <ClInclude Include="Layers\Fossilize\rapidjson\include\rapidjson\schema.h">
      <Filter>Layers\Fossilize\rapidjson</Filter>
    </ClInclude>
    <ClInclude Include="Layers\Fossilize\rapidjson\include\rapidjson\stream.h">
      <Filter>Layers\Fossilize\rapidjson</Filter>
    </ClInclude>
    <ClInclude Include="Layers\Fossilize\rapidjson\include\rapidjson\stringbuffer.h">
      <Filter>Layers\Fossilize\rapidjson</Filter>
    </ClInclude>
    <ClInclude Include="Layers\Fossilize\rapidjson\include\rapidjson\writer.h">
      <Filter>Layers\Fossilize\rapidjson</Filter>
    </ClInclude>
    <ClInclude Include="Layers\Fossilize\rapidjson\include\rapidjson\msinttypes\inttypes.h">
      <Filter>Layers\Fossilize\rapidjson\msinttypes</Filter>
    </ClInclude>
    <ClInclude Include="Layers\Fossilize\rapidjson\include\rapidjson\msinttypes\stdint.h">
      <Filter>Layers\Fossilize\rapidjson\msinttypes</Filter>
    </ClInclude>
    <ClInclude Include="Layers\Fossilize\rapidjson\include\rapidjson\internal\biginteger.h">
      <Filter>Layers\Fossilize\rapidjson\internal</Filter>
    </ClInclude>
    <ClInclude Include="Layers\Fossilize\rapidjson\include\rapidjson\internal\clzll.h">
      <Filter>Layers\Fossilize\rapidjson\internal</Filter>
    </ClInclude>
    <ClInclude Include="Layers\Fossilize\rapidjson\include\rapidjson\internal\diyfp.h">
      <Filter>Layers\Fossilize\rapidjson\internal</Filter>
    </ClInclude>
    <ClInclude Include="Layers\Fossilize\rapidjson\include\rapidjson\internal\dtoa.h">
      <Filter>Layers\Fossilize\rapidjson\internal</Filter>
    </ClInclude>
    <ClInclude Include="Layers\Fossilize\rapidjson\include\rapidjson\internal\ieee754.h">
      <Filter>Layers\Fossilize\rapidjson\internal</Filter>
    </ClInclude>
    <ClInclude Include="Layers\Fossilize\rapidjson\include\rapidjson\internal\itoa.h">
      <Filter>Layers\Fossilize\rapidjson\internal</Filter>
    </ClInclude>
    <ClInclude Include="Layers\Fossilize\rapidjson\include\rapidjson\internal\meta.h">
      <Filter>Layers\Fossilize\rapidjson\internal</Filter>
    </ClInclude>
    <ClInclude Include="Layers\Fossilize\rapidjson\include\rapidjson\internal\pow10.h">
      <Filter>Layers\Fossilize\rapidjson\internal</Filter>
    </ClInclude>
    <ClInclude Include="Layers\Fossilize\rapidjson\include\rapidjson\internal\regex.h">
      <Filter>Layers\Fossilize\rapidjson\internal</Filter>
    </ClInclude>
    <ClInclude Include="Layers\Fossilize\rapidjson\include\rapidjson\internal\stack.h">
      <Filter>Layers\Fossilize\rapidjson\internal</Filter>
    </ClInclude>
    <ClInclude Include="Layers\Fossilize\rapidjson\include\rapidjson\internal\strfunc.h">
      <Filter>Layers\Fossilize\rapidjson\internal</Filter>
    </ClInclude>
    <ClInclude Include="Layers\Fossilize\rapidjson\include\rapidjson\internal\strtod.h">
      <Filter>Layers\Fossilize\rapidjson\internal</Filter>
    </ClInclude>
    <ClInclude Include="Layers\Fossilize\rapidjson\include\rapidjson\internal\swap.h">
      <Filter>Layers\Fossilize\rapidjson\internal</Filter>
    </ClInclude>
    <ClInclude Include="Layers\Fossilize\rapidjson\include\rapidjson\error\en.h">
      <Filter>Layers\Fossilize\rapidjson\error</Filter>
    </ClInclude>
    <ClInclude Include="Layers\Fossilize\rapidjson\include\rapidjson\error\error.h">
      <Filter>Layers\Fossilize\rapidjson\error</Filter>
    </ClInclude>
    <ClInclude Include="ThirdParty\jsoncpp\src\lib_json\json_tool.h">
      <Filter>ThirdParty\jsoncpp\src</Filter>
    </ClInclude>
    <ClInclude Include="ThirdParty\iniparser\ini.hpp">
      <Filter>ThirdParty\iniparser</Filter>
    </ClInclude>
    <ClInclude Include="Core\Exception.h">
      <Filter>Core</Filter>
    </ClInclude>
    <ClInclude Include="Core\Containers\List.h">
      <Filter>Core\Containers</Filter>
    </ClInclude>
    <ClInclude Include="Core\Math\Sequence.h">
      <Filter>Core\Math</Filter>
    </ClInclude>
    <ClInclude Include="Core\Containers\Tuple.h">
      <Filter>Core\Containers</Filter>
    </ClInclude>
    <ClInclude Include="Core\Base\BaseAllocator.h">
      <Filter>Core\Base</Filter>
    </ClInclude>
    <ClInclude Include="Core\Base\BaseLayer.h">
      <Filter>Core\Base</Filter>
    </ClInclude>
    <ClInclude Include="Core\Base\BaseType.h">
      <Filter>Core\Base</Filter>
    </ClInclude>
    <ClInclude Include="Core\Platform\Platform.h">
      <Filter>Core\Platform</Filter>
    </ClInclude>
    <ClInclude Include="Core\Utility\Utility.h">
      <Filter>Core\Utility</Filter>
    </ClInclude>
    <ClInclude Include="Core\Utility\File\FileManager.h">
      <Filter>Core\Utility\File</Filter>
    </ClInclude>
    <ClInclude Include="Core\Utility\String\StringManager.h">
      <Filter>Core\Utility\String</Filter>
    </ClInclude>
    <ClInclude Include="Core\Utility\Timer\TimerManager.h">
      <Filter>Core\Utility\Timer</Filter>
    </ClInclude>
    <ClInclude Include="Core\SmartPtr\VkSmartPtr.h">
      <Filter>Core\SmartPtr</Filter>
    </ClInclude>
    <ClInclude Include="Core\SmartPtr\SmartPtr.h">
      <Filter>Core\SmartPtr</Filter>
    </ClInclude>
    <ClInclude Include="Core\Utility\Parser\JsonParser.h">
      <Filter>Core\Utility\Parser</Filter>
    </ClInclude>
    <ClInclude Include="Core\Utility\Parser\PathParser.h">
      <Filter>Core\Utility\Parser</Filter>
    </ClInclude>
    <ClInclude Include="Core\Render\GLSLCompiler.h">
      <Filter>Core\Render</Filter>
    </ClInclude>
    <ClInclude Include="Core\Platform\Windows\Window.h">
      <Filter>Core\Platform\Windows</Filter>
    </ClInclude>
    <ClInclude Include="Core\Base\Interface\IResourceHandler.h">
      <Filter>Core\Base\Interface</Filter>
    </ClInclude>
    <ClInclude Include="Core\Base\ResourcePool.h">
      <Filter>Core\Base</Filter>
    </ClInclude>
    <ClInclude Include="Core\Base\BaseConfig.h">
      <Filter>Core\Base</Filter>
    </ClInclude>
    <ClInclude Include="Core\Utility\Color\ColorManager.h">
      <Filter>Core\Utility\Color</Filter>
    </ClInclude>
    <ClInclude Include="Core\Engine\Engine.h">
      <Filter>Core\Engine</Filter>
    </ClInclude>
    <ClInclude Include="Core\Utility\Log\LogSystem.h">
      <Filter>Core\Utility\Log</Filter>
    </ClInclude>
    <ClInclude Include="Core\Utility\Loader\ModuleLoader.h">
      <Filter>Core\Utility\Loader</Filter>
    </ClInclude>
    <ClInclude Include="Core\Utility\Mapper\TextMapper.h">
      <Filter>Core\Utility\Mapper</Filter>
    </ClInclude>
    <ClInclude Include="Core\Render\RenderBase\CommandList.h">
      <Filter>Core\Render\RenderBase</Filter>
    </ClInclude>
    <ClInclude Include="Core\Render\RenderBase\CommandQueue.h">
      <Filter>Core\Render\RenderBase</Filter>
    </ClInclude>
    <ClInclude Include="Core\Render\RenderBase\LogicalDevice.h">
      <Filter>Core\Render\RenderBase</Filter>
    </ClInclude>
    <ClInclude Include="Core\Render\RenderBase\RenderBaseConfig.h">
      <Filter>Core\Render\RenderBase</Filter>
    </ClInclude>
    <ClInclude Include="Core\Utility\EnumToString.h">
      <Filter>Core\Utility</Filter>
    </ClInclude>
    <ClInclude Include="Core\Base\MemoryLeakCheck.h">
      <Filter>Core\Base</Filter>
    </ClInclude>
  </ItemGroup>
  <ItemGroup>
    <ResourceCompile Include="resource.rc" />
  </ItemGroup>
  <ItemGroup>
    <Filter Include="Core">
      <UniqueIdentifier>{9b922a2b-d794-4f31-93f5-30305b5c7e01}</UniqueIdentifier>
    </Filter>
    <Filter Include="Layers">
      <UniqueIdentifier>{43032fe6-4e97-4ddb-bc4a-0eee10d65782}</UniqueIdentifier>
    </Filter>
    <Filter Include="Layers\Fossilize">
      <UniqueIdentifier>{b7e51aed-6a9e-4ede-9c5f-7c697bea3024}</UniqueIdentifier>
    </Filter>
    <Filter Include="Layers\Fossilize\util">
      <UniqueIdentifier>{c3e72381-9d3f-4da7-a9d9-2cf6af361ead}</UniqueIdentifier>
    </Filter>
    <Filter Include="Layers\Fossilize\rapidjson">
      <UniqueIdentifier>{153908b8-0410-4aa1-80d8-c3ea3a3a4126}</UniqueIdentifier>
    </Filter>
    <Filter Include="Layers\Fossilize\rapidjson\error">
      <UniqueIdentifier>{c0f7e606-6957-43f6-9cee-9e680ea3364d}</UniqueIdentifier>
    </Filter>
    <Filter Include="Layers\Fossilize\rapidjson\internal">
      <UniqueIdentifier>{099fda60-b82b-43be-960e-0e3ff0de8b38}</UniqueIdentifier>
    </Filter>
    <Filter Include="Layers\Fossilize\rapidjson\msinttypes">
      <UniqueIdentifier>{e61789a8-c84e-4dda-86fc-d0de009564e4}</UniqueIdentifier>
    </Filter>
    <Filter Include="ThirdParty">
      <UniqueIdentifier>{c43a1332-d2ca-476a-9145-8baf510d57f8}</UniqueIdentifier>
    </Filter>
    <Filter Include="ThirdParty\jsoncpp">
      <UniqueIdentifier>{72b5cebe-515f-4640-b876-aa5db2887f96}</UniqueIdentifier>
    </Filter>
    <Filter Include="ThirdParty\jsoncpp\src">
      <UniqueIdentifier>{bca29c13-92b6-4f64-ad10-64521062bbb1}</UniqueIdentifier>
    </Filter>
    <Filter Include="ThirdParty\iniparser">
      <UniqueIdentifier>{11d8534b-39ab-4183-ac55-75773f010e30}</UniqueIdentifier>
    </Filter>
    <Filter Include="Core\Containers">
      <UniqueIdentifier>{64072beb-13f3-47fd-9338-748f04e6a8f1}</UniqueIdentifier>
    </Filter>
    <Filter Include="Core\Math">
      <UniqueIdentifier>{bbee79fb-b77c-443a-b02e-aa1500e1246f}</UniqueIdentifier>
    </Filter>
    <Filter Include="Core\Base">
      <UniqueIdentifier>{1ed026bf-45ff-42d8-9db5-bcf64b94a273}</UniqueIdentifier>
    </Filter>
    <Filter Include="Core\SmartPtr">
      <UniqueIdentifier>{f2d96bbc-961a-4eb0-b9fe-41f8f746cc96}</UniqueIdentifier>
    </Filter>
    <Filter Include="Core\Utility">
      <UniqueIdentifier>{ad18c222-0cf5-40c1-bc89-94fa0c7296ec}</UniqueIdentifier>
    </Filter>
    <Filter Include="Core\Utility\Parser">
      <UniqueIdentifier>{22c2b398-6680-496a-95b3-fbd6e7de8305}</UniqueIdentifier>
    </Filter>
    <Filter Include="Core\Utility\Timer">
      <UniqueIdentifier>{f7b11a9a-3ba4-4151-b6e5-89985d784ef8}</UniqueIdentifier>
    </Filter>
    <Filter Include="Core\Platform">
      <UniqueIdentifier>{4ea2e840-881a-4724-8486-bc3f3804efa9}</UniqueIdentifier>
    </Filter>
    <Filter Include="Core\Utility\Color">
      <UniqueIdentifier>{130e7bfa-5c4f-4949-8e63-55f92ddaf855}</UniqueIdentifier>
    </Filter>
    <Filter Include="Core\Utility\File">
      <UniqueIdentifier>{2f705a22-07e9-45f0-92aa-4c316bf2ce3a}</UniqueIdentifier>
    </Filter>
    <Filter Include="Core\Utility\String">
      <UniqueIdentifier>{16a73db9-8957-40c3-b4e6-b46d9b023c6f}</UniqueIdentifier>
    </Filter>
    <Filter Include="Core\Platform\Windows">
      <UniqueIdentifier>{55e65968-055d-4af1-b92f-c23b99997dca}</UniqueIdentifier>
    </Filter>
    <Filter Include="Core\Platform\Android">
      <UniqueIdentifier>{e9c9ffad-5fd1-464f-9189-fb82867e8d89}</UniqueIdentifier>
    </Filter>
    <Filter Include="Core\Render">
      <UniqueIdentifier>{f3e602b4-0c5a-4e9e-81e5-287134538f4d}</UniqueIdentifier>
    </Filter>
    <Filter Include="Core\Base\Interface">
      <UniqueIdentifier>{bceab2b6-59c2-4687-8049-b40e640c98d2}</UniqueIdentifier>
    </Filter>
    <Filter Include="Core\Engine">
      <UniqueIdentifier>{95ee44a1-f92d-4b72-a3e9-c118dbbc5eb8}</UniqueIdentifier>
    </Filter>
    <Filter Include="Core\Utility\Log">
      <UniqueIdentifier>{4d7a043b-b721-4082-a0c9-7b2d63fd42fd}</UniqueIdentifier>
    </Filter>
    <Filter Include="Core\Utility\Loader">
      <UniqueIdentifier>{d6b71f78-026f-4779-8772-a6eacc5d56b7}</UniqueIdentifier>
    </Filter>
    <Filter Include="Core\Utility\Mapper">
      <UniqueIdentifier>{009db284-2a89-4506-9572-63f3e7a56eb4}</UniqueIdentifier>
    </Filter>
    <Filter Include="Core\Render\RenderBase">
      <UniqueIdentifier>{ccc55751-f5cb-4bcb-84eb-1a5fba0e5605}</UniqueIdentifier>
    </Filter>
  </ItemGroup>
  <ItemGroup>
    <None Include="ThirdParty\jsoncpp\src\lib_json\json_valueiterator.inl">
      <Filter>ThirdParty\jsoncpp\src</Filter>
    </None>
    <None Include="Core\Utility\String\StringManager.inl">
      <Filter>Core\Utility\String</Filter>
    </None>
    <None Include="Core\Utility\Loader\ModuleLoader.inl">
      <Filter>Core\Utility\Loader</Filter>
    </None>
    <None Include="Core\Render\RenderBase\LogicalDevice.inl">
      <Filter>Core\Render\RenderBase</Filter>
    </None>
    <None Include="Core\Utility\Utility.inl">
      <Filter>Core\Utility</Filter>
    </None>
  </ItemGroup>
</Project>