<?xml version="1.0" encoding="utf-8"?>
<Project ToolsVersion="4.0" xmlns="http://schemas.microsoft.com/developer/msbuild/2003">
  <ItemGroup>
    <ClCompile Include="vk_app.cpp" />
    <ClCompile Include="main.cpp" />
    <ClCompile Include="app_allocator.cpp" />
    <ClCompile Include="Core\BaseAllocator.cpp">
      <Filter>Core</Filter>
    </ClCompile>
    <ClCompile Include="Core\BaseLayer.cpp">
      <Filter>Core</Filter>
    </ClCompile>
    <ClCompile Include="Core\CommandList.cpp">
      <Filter>Core</Filter>
    </ClCompile>
    <ClCompile Include="Core\CommandQueue.cpp">
      <Filter>Core</Filter>
    </ClCompile>
    <ClCompile Include="Core\Global.cpp">
      <Filter>Core</Filter>
    </ClCompile>
    <ClCompile Include="Core\LogicalDevice.cpp">
      <Filter>Core</Filter>
    </ClCompile>
    <ClCompile Include="Core\Window.cpp">
      <Filter>Core</Filter>
    </ClCompile>
    <ClCompile Include="ThirdParty\jsoncpp\src\lib_json\json_reader.cpp">
      <Filter>ThirdParty\jsoncpp\src</Filter>
    </ClCompile>
    <ClCompile Include="ThirdParty\jsoncpp\src\lib_json\json_value.cpp">
      <Filter>ThirdParty\jsoncpp\src</Filter>
    </ClCompile>
    <ClCompile Include="ThirdParty\jsoncpp\src\lib_json\json_writer.cpp">
      <Filter>ThirdParty\jsoncpp\src</Filter>
    </ClCompile>
    <ClCompile Include="Core\StringManager.cpp">
      <Filter>Core</Filter>
    </ClCompile>
    <ClCompile Include="Core\DiskResourceLoader.cpp">
      <Filter>Core</Filter>
    </ClCompile>
    <ClCompile Include="Core\GLSLCompiler.cpp">
      <Filter>Core</Filter>
    </ClCompile>
    <ClCompile Include="Core\LogSystem.cpp">
      <Filter>Core</Filter>
    </ClCompile>
    <ClCompile Include="Core\Color.cpp">
      <Filter>Core</Filter>
    </ClCompile>
  </ItemGroup>
  <ItemGroup>
    <ClInclude Include="vk_app.h" />
    <ClInclude Include="app_allocator.h" />
    <ClInclude Include="Core\BaseAllocator.h">
      <Filter>Core</Filter>
    </ClInclude>
    <ClInclude Include="Core\BaseLayer.h">
      <Filter>Core</Filter>
    </ClInclude>
    <ClInclude Include="Core\CommandList.h">
      <Filter>Core</Filter>
    </ClInclude>
    <ClInclude Include="Core\CommandQueue.h">
      <Filter>Core</Filter>
    </ClInclude>
    <ClInclude Include="Core\Common.h">
      <Filter>Core</Filter>
    </ClInclude>
    <ClInclude Include="Core\Global.h">
      <Filter>Core</Filter>
    </ClInclude>
    <ClInclude Include="Core\LogicalDevice.h">
      <Filter>Core</Filter>
    </ClInclude>
    <ClInclude Include="Core\Platform.h">
      <Filter>Core</Filter>
    </ClInclude>
    <ClInclude Include="Core\SmartPtr.h">
      <Filter>Core</Filter>
    </ClInclude>
    <ClInclude Include="Core\TypeDef.h">
      <Filter>Core</Filter>
    </ClInclude>
    <ClInclude Include="Core\VkSmartPtr.h">
      <Filter>Core</Filter>
    </ClInclude>
    <ClInclude Include="Core\Window.h">
      <Filter>Core</Filter>
    </ClInclude>
    <ClInclude Include="Layers\Fossilize\fossilize.hpp">
      <Filter>Layers\Fossilize</Filter>
    </ClInclude>
    <ClInclude Include="Layers\Fossilize\fossilize_application_filter.hpp">
      <Filter>Layers\Fossilize</Filter>
    </ClInclude>
    <ClInclude Include="Layers\Fossilize\fossilize_db.hpp">
      <Filter>Layers\Fossilize</Filter>
    </ClInclude>
    <ClInclude Include="Layers\Fossilize\fossilize_errors.hpp">
      <Filter>Layers\Fossilize</Filter>
    </ClInclude>
    <ClInclude Include="Layers\Fossilize\fossilize_external_replayer.hpp">
      <Filter>Layers\Fossilize</Filter>
    </ClInclude>
    <ClInclude Include="Layers\Fossilize\fossilize_external_replayer_control_block.hpp">
      <Filter>Layers\Fossilize</Filter>
    </ClInclude>
    <ClInclude Include="Layers\Fossilize\fossilize_external_replayer_linux.hpp">
      <Filter>Layers\Fossilize</Filter>
    </ClInclude>
    <ClInclude Include="Layers\Fossilize\fossilize_external_replayer_windows.hpp">
      <Filter>Layers\Fossilize</Filter>
    </ClInclude>
    <ClInclude Include="Layers\Fossilize\fossilize_inttypes.h">
      <Filter>Layers\Fossilize</Filter>
    </ClInclude>
    <ClInclude Include="Layers\Fossilize\fossilize_types.hpp">
      <Filter>Layers\Fossilize</Filter>
    </ClInclude>
    <ClInclude Include="Layers\Fossilize\path.hpp">
      <Filter>Layers\Fossilize</Filter>
    </ClInclude>
    <ClInclude Include="Layers\Fossilize\varint.hpp">
      <Filter>Layers\Fossilize</Filter>
    </ClInclude>
    <ClInclude Include="Layers\Fossilize\util\intrusive_list.hpp">
      <Filter>Layers\Fossilize\util</Filter>
    </ClInclude>
    <ClInclude Include="Layers\Fossilize\util\object_cache.hpp">
      <Filter>Layers\Fossilize\util</Filter>
    </ClInclude>
    <ClInclude Include="Layers\Fossilize\util\object_pool.hpp">
      <Filter>Layers\Fossilize\util</Filter>
    </ClInclude>
    <ClInclude Include="ThirdParty\jsoncpp\include\json\allocator.h">
      <Filter>ThirdParty\jsoncpp</Filter>
    </ClInclude>
    <ClInclude Include="ThirdParty\jsoncpp\include\json\assertions.h">
      <Filter>ThirdParty\jsoncpp</Filter>
    </ClInclude>
    <ClInclude Include="ThirdParty\jsoncpp\include\json\config.h">
      <Filter>ThirdParty\jsoncpp</Filter>
    </ClInclude>
    <ClInclude Include="ThirdParty\jsoncpp\include\json\forwards.h">
      <Filter>ThirdParty\jsoncpp</Filter>
    </ClInclude>
    <ClInclude Include="ThirdParty\jsoncpp\include\json\json.h">
      <Filter>ThirdParty\jsoncpp</Filter>
    </ClInclude>
    <ClInclude Include="ThirdParty\jsoncpp\include\json\json_features.h">
      <Filter>ThirdParty\jsoncpp</Filter>
    </ClInclude>
    <ClInclude Include="ThirdParty\jsoncpp\include\json\reader.h">
      <Filter>ThirdParty\jsoncpp</Filter>
    </ClInclude>
    <ClInclude Include="ThirdParty\jsoncpp\include\json\value.h">
      <Filter>ThirdParty\jsoncpp</Filter>
    </ClInclude>
    <ClInclude Include="ThirdParty\jsoncpp\include\json\version.h">
      <Filter>ThirdParty\jsoncpp</Filter>
    </ClInclude>
    <ClInclude Include="ThirdParty\jsoncpp\include\json\writer.h">
      <Filter>ThirdParty\jsoncpp</Filter>
    </ClInclude>
    <ClInclude Include="Layers\Fossilize\rapidjson\include\rapidjson\allocators.h">
      <Filter>Layers\Fossilize\rapidjson</Filter>
    </ClInclude>
    <ClInclude Include="Layers\Fossilize\rapidjson\include\rapidjson\cursorstreamwrapper.h">
      <Filter>Layers\Fossilize\rapidjson</Filter>
    </ClInclude>
    <ClInclude Include="Layers\Fossilize\rapidjson\include\rapidjson\document.h">
      <Filter>Layers\Fossilize\rapidjson</Filter>
    </ClInclude>
    <ClInclude Include="Layers\Fossilize\rapidjson\include\rapidjson\encodedstream.h">
      <Filter>Layers\Fossilize\rapidjson</Filter>
    </ClInclude>
    <ClInclude Include="Layers\Fossilize\rapidjson\include\rapidjson\encodings.h">
      <Filter>Layers\Fossilize\rapidjson</Filter>
    </ClInclude>
    <ClInclude Include="Layers\Fossilize\rapidjson\include\rapidjson\filereadstream.h">
      <Filter>Layers\Fossilize\rapidjson</Filter>
    </ClInclude>
    <ClInclude Include="Layers\Fossilize\rapidjson\include\rapidjson\filewritestream.h">
      <Filter>Layers\Fossilize\rapidjson</Filter>
    </ClInclude>
    <ClInclude Include="Layers\Fossilize\rapidjson\include\rapidjson\fwd.h">
      <Filter>Layers\Fossilize\rapidjson</Filter>
    </ClInclude>
    <ClInclude Include="Layers\Fossilize\rapidjson\include\rapidjson\istreamwrapper.h">
      <Filter>Layers\Fossilize\rapidjson</Filter>
    </ClInclude>
    <ClInclude Include="Layers\Fossilize\rapidjson\include\rapidjson\memorybuffer.h">
      <Filter>Layers\Fossilize\rapidjson</Filter>
    </ClInclude>
    <ClInclude Include="Layers\Fossilize\rapidjson\include\rapidjson\memorystream.h">
      <Filter>Layers\Fossilize\rapidjson</Filter>
    </ClInclude>
    <ClInclude Include="Layers\Fossilize\rapidjson\include\rapidjson\ostreamwrapper.h">
      <Filter>Layers\Fossilize\rapidjson</Filter>
    </ClInclude>
    <ClInclude Include="Layers\Fossilize\rapidjson\include\rapidjson\pointer.h">
      <Filter>Layers\Fossilize\rapidjson</Filter>
    </ClInclude>
    <ClInclude Include="Layers\Fossilize\rapidjson\include\rapidjson\prettywriter.h">
      <Filter>Layers\Fossilize\rapidjson</Filter>
    </ClInclude>
    <ClInclude Include="Layers\Fossilize\rapidjson\include\rapidjson\rapidjson.h">
      <Filter>Layers\Fossilize\rapidjson</Filter>
    </ClInclude>
    <ClInclude Include="Layers\Fossilize\rapidjson\include\rapidjson\reader.h">
      <Filter>Layers\Fossilize\rapidjson</Filter>
    </ClInclude>
    <ClInclude Include="Layers\Fossilize\rapidjson\include\rapidjson\schema.h">
      <Filter>Layers\Fossilize\rapidjson</Filter>
    </ClInclude>
    <ClInclude Include="Layers\Fossilize\rapidjson\include\rapidjson\stream.h">
      <Filter>Layers\Fossilize\rapidjson</Filter>
    </ClInclude>
    <ClInclude Include="Layers\Fossilize\rapidjson\include\rapidjson\stringbuffer.h">
      <Filter>Layers\Fossilize\rapidjson</Filter>
    </ClInclude>
    <ClInclude Include="Layers\Fossilize\rapidjson\include\rapidjson\writer.h">
      <Filter>Layers\Fossilize\rapidjson</Filter>
    </ClInclude>
    <ClInclude Include="Layers\Fossilize\rapidjson\include\rapidjson\msinttypes\inttypes.h">
      <Filter>Layers\Fossilize\rapidjson\msinttypes</Filter>
    </ClInclude>
    <ClInclude Include="Layers\Fossilize\rapidjson\include\rapidjson\msinttypes\stdint.h">
      <Filter>Layers\Fossilize\rapidjson\msinttypes</Filter>
    </ClInclude>
    <ClInclude Include="Layers\Fossilize\rapidjson\include\rapidjson\internal\biginteger.h">
      <Filter>Layers\Fossilize\rapidjson\internal</Filter>
    </ClInclude>
    <ClInclude Include="Layers\Fossilize\rapidjson\include\rapidjson\internal\clzll.h">
      <Filter>Layers\Fossilize\rapidjson\internal</Filter>
    </ClInclude>
    <ClInclude Include="Layers\Fossilize\rapidjson\include\rapidjson\internal\diyfp.h">
      <Filter>Layers\Fossilize\rapidjson\internal</Filter>
    </ClInclude>
    <ClInclude Include="Layers\Fossilize\rapidjson\include\rapidjson\internal\dtoa.h">
      <Filter>Layers\Fossilize\rapidjson\internal</Filter>
    </ClInclude>
    <ClInclude Include="Layers\Fossilize\rapidjson\include\rapidjson\internal\ieee754.h">
      <Filter>Layers\Fossilize\rapidjson\internal</Filter>
    </ClInclude>
    <ClInclude Include="Layers\Fossilize\rapidjson\include\rapidjson\internal\itoa.h">
      <Filter>Layers\Fossilize\rapidjson\internal</Filter>
    </ClInclude>
    <ClInclude Include="Layers\Fossilize\rapidjson\include\rapidjson\internal\meta.h">
      <Filter>Layers\Fossilize\rapidjson\internal</Filter>
    </ClInclude>
    <ClInclude Include="Layers\Fossilize\rapidjson\include\rapidjson\internal\pow10.h">
      <Filter>Layers\Fossilize\rapidjson\internal</Filter>
    </ClInclude>
    <ClInclude Include="Layers\Fossilize\rapidjson\include\rapidjson\internal\regex.h">
      <Filter>Layers\Fossilize\rapidjson\internal</Filter>
    </ClInclude>
    <ClInclude Include="Layers\Fossilize\rapidjson\include\rapidjson\internal\stack.h">
      <Filter>Layers\Fossilize\rapidjson\internal</Filter>
    </ClInclude>
    <ClInclude Include="Layers\Fossilize\rapidjson\include\rapidjson\internal\strfunc.h">
      <Filter>Layers\Fossilize\rapidjson\internal</Filter>
    </ClInclude>
    <ClInclude Include="Layers\Fossilize\rapidjson\include\rapidjson\internal\strtod.h">
      <Filter>Layers\Fossilize\rapidjson\internal</Filter>
    </ClInclude>
    <ClInclude Include="Layers\Fossilize\rapidjson\include\rapidjson\internal\swap.h">
      <Filter>Layers\Fossilize\rapidjson\internal</Filter>
    </ClInclude>
    <ClInclude Include="Layers\Fossilize\rapidjson\include\rapidjson\error\en.h">
      <Filter>Layers\Fossilize\rapidjson\error</Filter>
    </ClInclude>
    <ClInclude Include="Layers\Fossilize\rapidjson\include\rapidjson\error\error.h">
      <Filter>Layers\Fossilize\rapidjson\error</Filter>
    </ClInclude>
    <ClInclude Include="ThirdParty\jsoncpp\src\lib_json\json_tool.h">
      <Filter>ThirdParty\jsoncpp\src</Filter>
    </ClInclude>
    <ClInclude Include="Core\Tuple.h">
      <Filter>Core</Filter>
    </ClInclude>
    <ClInclude Include="ThirdParty\iniparser\ini.hpp">
      <Filter>ThirdParty\iniparser</Filter>
    </ClInclude>
    <ClInclude Include="Core\ModuleLoader.h">
      <Filter>Core</Filter>
    </ClInclude>
    <ClInclude Include="Core\JsonParser.h">
      <Filter>Core</Filter>
    </ClInclude>
    <ClInclude Include="Core\StringManager.h">
      <Filter>Core</Filter>
    </ClInclude>
    <ClInclude Include="Core\GLSLCompiler.h">
      <Filter>Core</Filter>
    </ClInclude>
    <ClInclude Include="Core\MemoryLeakCheck.h">
      <Filter>Core</Filter>
    </ClInclude>
    <ClInclude Include="Core\DiskResourceLoader.h">
      <Filter>Core</Filter>
    </ClInclude>
    <ClInclude Include="Core\LogSystem.h">
      <Filter>Core</Filter>
    </ClInclude>
    <ClInclude Include="Core\Color.h">
      <Filter>Core</Filter>
    </ClInclude>
  </ItemGroup>
  <ItemGroup>
    <ResourceCompile Include="resource.rc" />
  </ItemGroup>
  <ItemGroup>
    <Filter Include="Core">
      <UniqueIdentifier>{9b922a2b-d794-4f31-93f5-30305b5c7e01}</UniqueIdentifier>
    </Filter>
    <Filter Include="Layers">
      <UniqueIdentifier>{43032fe6-4e97-4ddb-bc4a-0eee10d65782}</UniqueIdentifier>
    </Filter>
    <Filter Include="Layers\Fossilize">
      <UniqueIdentifier>{b7e51aed-6a9e-4ede-9c5f-7c697bea3024}</UniqueIdentifier>
    </Filter>
    <Filter Include="Layers\Fossilize\util">
      <UniqueIdentifier>{c3e72381-9d3f-4da7-a9d9-2cf6af361ead}</UniqueIdentifier>
    </Filter>
    <Filter Include="Layers\Fossilize\rapidjson">
      <UniqueIdentifier>{153908b8-0410-4aa1-80d8-c3ea3a3a4126}</UniqueIdentifier>
    </Filter>
    <Filter Include="Layers\Fossilize\rapidjson\error">
      <UniqueIdentifier>{c0f7e606-6957-43f6-9cee-9e680ea3364d}</UniqueIdentifier>
    </Filter>
    <Filter Include="Layers\Fossilize\rapidjson\internal">
      <UniqueIdentifier>{099fda60-b82b-43be-960e-0e3ff0de8b38}</UniqueIdentifier>
    </Filter>
    <Filter Include="Layers\Fossilize\rapidjson\msinttypes">
      <UniqueIdentifier>{e61789a8-c84e-4dda-86fc-d0de009564e4}</UniqueIdentifier>
    </Filter>
    <Filter Include="ThirdParty">
      <UniqueIdentifier>{c43a1332-d2ca-476a-9145-8baf510d57f8}</UniqueIdentifier>
    </Filter>
    <Filter Include="ThirdParty\jsoncpp">
      <UniqueIdentifier>{72b5cebe-515f-4640-b876-aa5db2887f96}</UniqueIdentifier>
    </Filter>
    <Filter Include="ThirdParty\jsoncpp\src">
      <UniqueIdentifier>{bca29c13-92b6-4f64-ad10-64521062bbb1}</UniqueIdentifier>
    </Filter>
    <Filter Include="ThirdParty\iniparser">
      <UniqueIdentifier>{11d8534b-39ab-4183-ac55-75773f010e30}</UniqueIdentifier>
    </Filter>
  </ItemGroup>
  <ItemGroup>
    <None Include="ThirdParty\jsoncpp\src\lib_json\json_valueiterator.inl">
      <Filter>ThirdParty\jsoncpp\src</Filter>
    </None>
  </ItemGroup>
</Project>