<?xml version="1.0" encoding="utf-8"?>
<Project ToolsVersion="16.0" xmlns="http://schemas.microsoft.com/developer/msbuild/2003">
  <ItemGroup>
    <ClCompile Include="C:\0A-Work\Mines\Repos\vk\vk_app\Layers\Fossilize\fossilize.cpp">
      <Filter>Source Files</Filter>
    </ClCompile>
    <ClCompile Include="C:\0A-Work\Mines\Repos\vk\vk_app\Layers\Fossilize\fossilize_application_filter.cpp">
      <Filter>Source Files</Filter>
    </ClCompile>
    <ClCompile Include="C:\0A-Work\Mines\Repos\vk\vk_app\Layers\Fossilize\varint.cpp">
      <Filter>Source Files</Filter>
    </ClCompile>
    <ClCompile Include="C:\0A-Work\Mines\Repos\vk\vk_app\Layers\Fossilize\fossilize_db.cpp">
      <Filter>Source Files</Filter>
    </ClCompile>
    <ClCompile Include="C:\0A-Work\Mines\Repos\vk\vk_app\Layers\Fossilize\path.cpp">
      <Filter>Source Files</Filter>
    </ClCompile>
    <ClCompile Include="C:\0A-Work\Mines\Repos\vk\vk_app\Layers\Fossilize\fossilize_external_replayer.cpp">
      <Filter>Source Files</Filter>
    </ClCompile>
  </ItemGroup>
  <ItemGroup>
    <ClInclude Include="C:\0A-Work\Mines\Repos\vk\vk_app\Layers\Fossilize\fossilize.hpp">
      <Filter>Header Files</Filter>
    </ClInclude>
    <ClInclude Include="C:\0A-Work\Mines\Repos\vk\vk_app\Layers\Fossilize\fossilize_errors.hpp">
      <Filter>Header Files</Filter>
    </ClInclude>
    <ClInclude Include="C:\0A-Work\Mines\Repos\vk\vk_app\Layers\Fossilize\fossilize_application_filter.hpp">
      <Filter>Header Files</Filter>
    </ClInclude>
    <ClInclude Include="C:\0A-Work\Mines\Repos\vk\vk_app\Layers\Fossilize\fossilize_types.hpp">
      <Filter>Header Files</Filter>
    </ClInclude>
    <ClInclude Include="C:\0A-Work\Mines\Repos\vk\vk_app\Layers\Fossilize\varint.hpp">
      <Filter>Header Files</Filter>
    </ClInclude>
    <ClInclude Include="C:\0A-Work\Mines\Repos\vk\vk_app\Layers\Fossilize\fossilize_db.hpp">
      <Filter>Header Files</Filter>
    </ClInclude>
    <ClInclude Include="C:\0A-Work\Mines\Repos\vk\vk_app\Layers\Fossilize\fossilize_inttypes.h">
      <Filter>Header Files</Filter>
    </ClInclude>
    <ClInclude Include="C:\0A-Work\Mines\Repos\vk\vk_app\Layers\Fossilize\util\intrusive_list.hpp">
      <Filter>Header Files</Filter>
    </ClInclude>
    <ClInclude Include="C:\0A-Work\Mines\Repos\vk\vk_app\Layers\Fossilize\util\object_pool.hpp">
      <Filter>Header Files</Filter>
    </ClInclude>
    <ClInclude Include="C:\0A-Work\Mines\Repos\vk\vk_app\Layers\Fossilize\util\object_cache.hpp">
      <Filter>Header Files</Filter>
    </ClInclude>
    <ClInclude Include="C:\0A-Work\Mines\Repos\vk\vk_app\Layers\Fossilize\path.hpp">
      <Filter>Header Files</Filter>
    </ClInclude>
    <ClInclude Include="C:\0A-Work\Mines\Repos\vk\vk_app\Layers\Fossilize\fossilize_external_replayer.hpp">
      <Filter>Header Files</Filter>
    </ClInclude>
    <ClInclude Include="C:\0A-Work\Mines\Repos\vk\vk_app\Layers\Fossilize\fossilize_external_replayer_windows.hpp">
      <Filter>Header Files</Filter>
    </ClInclude>
  </ItemGroup>
  <ItemGroup>
    <CustomBuild Include="C:\0A-Work\Mines\Repos\vk\vk_app\Layers\Fossilize\CMakeLists.txt" />
  </ItemGroup>
  <ItemGroup>
    <Filter Include="Header Files">
      <UniqueIdentifier>{4757A35C-FAC3-3DDA-9ECC-961F7391649F}</UniqueIdentifier>
    </Filter>
    <Filter Include="Source Files">
      <UniqueIdentifier>{8B976C55-B0A3-3256-A2CF-D889FF1BFF8C}</UniqueIdentifier>
    </Filter>
  </ItemGroup>
</Project>
