<?xml version="1.0" encoding="utf-8"?>
<Project ToolsVersion="16.0" xmlns="http://schemas.microsoft.com/developer/msbuild/2003">
  <ItemGroup>
    <CustomBuild Include="C:\0A-Work\Mines\Repos\vk\vk_app\Layers\Build\Fossilize\CMakeFiles\199ee025089bdcd1abe69565213276d5\generate.stamp.rule">
      <Filter>CMake Rules</Filter>
    </CustomBuild>
  </ItemGroup>
  <ItemGroup>
    <Filter Include="CMake Rules">
      <UniqueIdentifier>{C48B70B7-3C9F-3FA3-A753-797B2BEFA781}</UniqueIdentifier>
    </Filter>
  </ItemGroup>
</Project>
